
Microsoft Visual Studio Solution File, Format Version 12.00
# Visual Studio 15
VisualStudioVersion = 15.0.27428.2015
MinimumVisualStudioVersion = 10.0.40219.1
Project("{FAE04EC0-301F-11D3-BF4B-00C04F79EFBC}") = "TechDeviShopVs002", "TechDeviShopVs002\TechDeviShopVs002.csproj", "{66A3A3AF-7CEC-4709-9EF1-EAA5E7E8E4EC}"
EndProject
Project("{FAE04EC0-301F-11D3-BF4B-00C04F79EFBC}") = "Common", "Common\Common.csproj", "{9CA3DB32-7CFC-42BA-BA5F-5ED3C6B23220}"
EndProject
Global
	GlobalSection(SolutionConfigurationPlatforms) = preSolution
		Debug|Any CPU = Debug|Any CPU
		Release|Any CPU = Release|Any CPU
	EndGlobalSection
	GlobalSection(ProjectConfigurationPlatforms) = postSolution
		{66A3A3AF-7CEC-4709-9EF1-EAA5E7E8E4EC}.Debug|Any CPU.ActiveCfg = Debug|Any CPU
		{66A3A3AF-7CEC-4709-9EF1-EAA5E7E8E4EC}.Debug|Any CPU.Build.0 = Debug|Any CPU
		{66A3A3AF-7CEC-4709-9EF1-EAA5E7E8E4EC}.Release|Any CPU.ActiveCfg = Release|Any CPU
		{66A3A3AF-7CEC-4709-9EF1-EAA5E7E8E4EC}.Release|Any CPU.Build.0 = Release|Any CPU
		{9CA3DB32-7CFC-42BA-BA5F-5ED3C6B23220}.Debug|Any CPU.ActiveCfg = Debug|Any CPU
		{9CA3DB32-7CFC-42BA-BA5F-5ED3C6B23220}.Debug|Any CPU.Build.0 = Debug|Any CPU
		{9CA3DB32-7CFC-42BA-BA5F-5ED3C6B23220}.Release|Any CPU.ActiveCfg = Release|Any CPU
		{9CA3DB32-7CFC-42BA-BA5F-5ED3C6B23220}.Release|Any CPU.Build.0 = Release|Any CPU
	EndGlobalSection
	GlobalSection(SolutionProperties) = preSolution
		HideSolutionNode = FALSE
	EndGlobalSection
	GlobalSection(ExtensibilityGlobals) = postSolution
		SolutionGuid = {C58CD9B5-A8DE-410D-86B7-6C9329C141FC}
	EndGlobalSection
EndGlobal
